
Microsoft Visual Studio Solution File, Format Version 12.00
# Visual Studio 15
VisualStudioVersion = 15.0.27428.2015
MinimumVisualStudioVersion = 10.0.40219.1
Project("{FAE04EC0-301F-11D3-BF4B-00C04F79EFBC}") = "RandomWordOutputDiscordBot", "RandomWordOutputDiscordBot\RandomWordOutputDiscordBot.csproj", "{F50ACC9F-2F70-4A65-BCEB-E0A28B7FEA49}"
EndProject
Global
	GlobalSection(SolutionConfigurationPlatforms) = preSolution
		Debug|Any CPU = Debug|Any CPU
		Release|Any CPU = Release|Any CPU
	EndGlobalSection
	GlobalSection(ProjectConfigurationPlatforms) = postSolution
		{F50ACC9F-2F70-4A65-BCEB-E0A28B7FEA49}.Debug|Any CPU.ActiveCfg = Debug|Any CPU
		{F50ACC9F-2F70-4A65-BCEB-E0A28B7FEA49}.Debug|Any CPU.Build.0 = Debug|Any CPU
		{F50ACC9F-2F70-4A65-BCEB-E0A28B7FEA49}.Release|Any CPU.ActiveCfg = Release|Any CPU
		{F50ACC9F-2F70-4A65-BCEB-E0A28B7FEA49}.Release|Any CPU.Build.0 = Release|Any CPU
	EndGlobalSection
	GlobalSection(SolutionProperties) = preSolution
		HideSolutionNode = FALSE
	EndGlobalSection
	GlobalSection(ExtensibilityGlobals) = postSolution
		SolutionGuid = {8E5A9C1A-4BDF-402C-AD74-69190C7AD016}
	EndGlobalSection
EndGlobal
